
Microsoft Visual Studio Solution File, Format Version 12.00
# Visual Studio 15
VisualStudioVersion = 15.0.26228.9
MinimumVisualStudioVersion = 10.0.40219.1
Project("{FAE04EC0-301F-11D3-BF4B-00C04F79EFBC}") = "rss_dotnet_api", "rss_dotnet_api\rss_dotnet_api.csproj", "{3E38DBC4-782F-45F9-A0C6-020CDFE30A43}"
EndProject
Project("{E53339B2-1760-4266-BCC7-CA923CBCF16C}") = "docker-compose", "docker-compose.dcproj", "{93242E60-BEC0-4BA3-81E2-3DE817997135}"
EndProject
Global
	GlobalSection(SolutionConfigurationPlatforms) = preSolution
		Debug|Any CPU = Debug|Any CPU
		Release|Any CPU = Release|Any CPU
	EndGlobalSection
	GlobalSection(ProjectConfigurationPlatforms) = postSolution
		{3E38DBC4-782F-45F9-A0C6-020CDFE30A43}.Debug|Any CPU.ActiveCfg = Debug|Any CPU
		{3E38DBC4-782F-45F9-A0C6-020CDFE30A43}.Debug|Any CPU.Build.0 = Debug|Any CPU
		{3E38DBC4-782F-45F9-A0C6-020CDFE30A43}.Release|Any CPU.ActiveCfg = Release|Any CPU
		{3E38DBC4-782F-45F9-A0C6-020CDFE30A43}.Release|Any CPU.Build.0 = Release|Any CPU
		{93242E60-BEC0-4BA3-81E2-3DE817997135}.Debug|Any CPU.ActiveCfg = Debug|Any CPU
		{93242E60-BEC0-4BA3-81E2-3DE817997135}.Debug|Any CPU.Build.0 = Debug|Any CPU
		{93242E60-BEC0-4BA3-81E2-3DE817997135}.Release|Any CPU.ActiveCfg = Release|Any CPU
		{93242E60-BEC0-4BA3-81E2-3DE817997135}.Release|Any CPU.Build.0 = Release|Any CPU
	EndGlobalSection
	GlobalSection(SolutionProperties) = preSolution
		HideSolutionNode = FALSE
	EndGlobalSection
EndGlobal
